
Microsoft Visual Studio Solution File, Format Version 12.00
# Visual Studio Version 17
VisualStudioVersion = 17.9.34714.143
MinimumVisualStudioVersion = 10.0.40219.1
Project("{FAE04EC0-301F-11D3-BF4B-00C04F79EFBC}") = "tienda", "tienda\tienda.csproj", "{77C526B1-69FF-48AA-9017-0B236DAB730F}"
EndProject
Project("{FAE04EC0-301F-11D3-BF4B-00C04F79EFBC}") = "TiendaData", "TiendaData\TiendaData.csproj", "{11F08731-DAFD-4C1A-B54C-EAAEEAE8E17A}"
EndProject
Global
	GlobalSection(SolutionConfigurationPlatforms) = preSolution
		Debug|Any CPU = Debug|Any CPU
		Release|Any CPU = Release|Any CPU
	EndGlobalSection
	GlobalSection(ProjectConfigurationPlatforms) = postSolution
		{77C526B1-69FF-48AA-9017-0B236DAB730F}.Debug|Any CPU.ActiveCfg = Debug|Any CPU
		{77C526B1-69FF-48AA-9017-0B236DAB730F}.Debug|Any CPU.Build.0 = Debug|Any CPU
		{77C526B1-69FF-48AA-9017-0B236DAB730F}.Release|Any CPU.ActiveCfg = Release|Any CPU
		{77C526B1-69FF-48AA-9017-0B236DAB730F}.Release|Any CPU.Build.0 = Release|Any CPU
		{11F08731-DAFD-4C1A-B54C-EAAEEAE8E17A}.Debug|Any CPU.ActiveCfg = Debug|Any CPU
		{11F08731-DAFD-4C1A-B54C-EAAEEAE8E17A}.Debug|Any CPU.Build.0 = Debug|Any CPU
		{11F08731-DAFD-4C1A-B54C-EAAEEAE8E17A}.Release|Any CPU.ActiveCfg = Release|Any CPU
		{11F08731-DAFD-4C1A-B54C-EAAEEAE8E17A}.Release|Any CPU.Build.0 = Release|Any CPU
	EndGlobalSection
	GlobalSection(SolutionProperties) = preSolution
		HideSolutionNode = FALSE
	EndGlobalSection
	GlobalSection(ExtensibilityGlobals) = postSolution
		SolutionGuid = {66CCD63E-3602-4B4E-9472-94AA9D6DC06B}
	EndGlobalSection
EndGlobal
